
Microsoft Visual Studio Solution File, Format Version 12.00
# Visual Studio Version 17
VisualStudioVersion = 17.0.31903.59
MinimumVisualStudioVersion = 10.0.40219.1
Project("{FAE04EC0-301F-11D3-BF4B-00C04F79EFBC}") = "CurrencyConverter", "CurrencyConverter\CurrencyConverter.csproj", "{15406E2B-3EE3-401E-B4CE-DEB18ECEAF2D}"
EndProject
Project("{FAE04EC0-301F-11D3-BF4B-00C04F79EFBC}") = "InterestCalculator", "InterestCalculator\InterestCalculator.csproj", "{A8C908BB-555C-4417-9F11-865EACDCB312}"
EndProject
Project("{FAE04EC0-301F-11D3-BF4B-00C04F79EFBC}") = "MathGame", "MathGame\MathGame.csproj", "{7AEF39B2-4B52-4652-98A9-28578E681A00}"
EndProject
Project("{FAE04EC0-301F-11D3-BF4B-00C04F79EFBC}") = "HabitLogger", "HabitLogger\HabitLogger.csproj", "{0B28306F-A86D-40DC-8FF1-494740EE46E8}"
EndProject
Project("{FAE04EC0-301F-11D3-BF4B-00C04F79EFBC}") = "CodingTracker", "CodingTracker\CodingTracker.csproj", "{12111355-72EC-4326-AE43-8BB377442921}"
EndProject
Global
	GlobalSection(SolutionConfigurationPlatforms) = preSolution
		Debug|Any CPU = Debug|Any CPU
		Release|Any CPU = Release|Any CPU
	EndGlobalSection
	GlobalSection(SolutionProperties) = preSolution
		HideSolutionNode = FALSE
	EndGlobalSection
	GlobalSection(ProjectConfigurationPlatforms) = postSolution
		{1EC4BEB0-E4DB-41FB-99E6-9E25FAB3DFC6}.Debug|Any CPU.ActiveCfg = Debug|Any CPU
		{1EC4BEB0-E4DB-41FB-99E6-9E25FAB3DFC6}.Debug|Any CPU.Build.0 = Debug|Any CPU
		{1EC4BEB0-E4DB-41FB-99E6-9E25FAB3DFC6}.Release|Any CPU.ActiveCfg = Release|Any CPU
		{1EC4BEB0-E4DB-41FB-99E6-9E25FAB3DFC6}.Release|Any CPU.Build.0 = Release|Any CPU
		{15406E2B-3EE3-401E-B4CE-DEB18ECEAF2D}.Debug|Any CPU.ActiveCfg = Debug|Any CPU
		{15406E2B-3EE3-401E-B4CE-DEB18ECEAF2D}.Debug|Any CPU.Build.0 = Debug|Any CPU
		{15406E2B-3EE3-401E-B4CE-DEB18ECEAF2D}.Release|Any CPU.ActiveCfg = Release|Any CPU
		{15406E2B-3EE3-401E-B4CE-DEB18ECEAF2D}.Release|Any CPU.Build.0 = Release|Any CPU
		{A8C908BB-555C-4417-9F11-865EACDCB312}.Debug|Any CPU.ActiveCfg = Debug|Any CPU
		{A8C908BB-555C-4417-9F11-865EACDCB312}.Debug|Any CPU.Build.0 = Debug|Any CPU
		{A8C908BB-555C-4417-9F11-865EACDCB312}.Release|Any CPU.ActiveCfg = Release|Any CPU
		{A8C908BB-555C-4417-9F11-865EACDCB312}.Release|Any CPU.Build.0 = Release|Any CPU
		{7AEF39B2-4B52-4652-98A9-28578E681A00}.Debug|Any CPU.ActiveCfg = Debug|Any CPU
		{7AEF39B2-4B52-4652-98A9-28578E681A00}.Debug|Any CPU.Build.0 = Debug|Any CPU
		{7AEF39B2-4B52-4652-98A9-28578E681A00}.Release|Any CPU.ActiveCfg = Release|Any CPU
		{7AEF39B2-4B52-4652-98A9-28578E681A00}.Release|Any CPU.Build.0 = Release|Any CPU
		{0B28306F-A86D-40DC-8FF1-494740EE46E8}.Debug|Any CPU.ActiveCfg = Debug|Any CPU
		{0B28306F-A86D-40DC-8FF1-494740EE46E8}.Debug|Any CPU.Build.0 = Debug|Any CPU
		{0B28306F-A86D-40DC-8FF1-494740EE46E8}.Release|Any CPU.ActiveCfg = Release|Any CPU
		{0B28306F-A86D-40DC-8FF1-494740EE46E8}.Release|Any CPU.Build.0 = Release|Any CPU
		{12111355-72EC-4326-AE43-8BB377442921}.Debug|Any CPU.ActiveCfg = Debug|Any CPU
		{12111355-72EC-4326-AE43-8BB377442921}.Debug|Any CPU.Build.0 = Debug|Any CPU
		{12111355-72EC-4326-AE43-8BB377442921}.Release|Any CPU.ActiveCfg = Release|Any CPU
		{12111355-72EC-4326-AE43-8BB377442921}.Release|Any CPU.Build.0 = Release|Any CPU
	EndGlobalSection
EndGlobal
